// !$*UTF8*$!
{
	archiveVersion = 1;
	classes = {
	};
	objectVersion = 77;
	objects = {

/* Begin PBXBuildFile section */
		ADBB2AD02E2BD47A00EA2825 /* FirebaseAI in Frameworks */ = {isa = PBXBuildFile; productRef = ADBB2ACF2E2BD47A00EA2825 /* FirebaseAI */; };
		ADBB2AD22E2BD47A00EA2825 /* FirebaseAnalytics in Frameworks */ = {isa = PBXBuildFile; productRef = ADBB2AD12E2BD47A00EA2825 /* FirebaseAnalytics */; };
		ADBB2AD42E2BD47A00EA2825 /* FirebaseAnalyticsCore in Frameworks */ = {isa = PBXBuildFile; productRef = ADBB2AD32E2BD47A00EA2825 /* FirebaseAnalyticsCore */; };
		ADBB2AD62E2BD47A00EA2825 /* FirebaseAnalyticsIdentitySupport in Frameworks */ = {isa = PBXBuildFile; productRef = ADBB2AD52E2BD47A00EA2825 /* FirebaseAnalyticsIdentitySupport */; };
		ADBB2AD82E2BD47A00EA2825 /* FirebaseAppCheck in Frameworks */ = {isa = PBXBuildFile; productRef = ADBB2AD72E2BD47A00EA2825 /* FirebaseAppCheck */; };
		ADBB2ADA2E2BD47A00EA2825 /* FirebaseAppDistribution-Beta in Frameworks */ = {isa = PBXBuildFile; productRef = ADBB2AD92E2BD47A00EA2825 /* FirebaseAppDistribution-Beta */; };
		ADBB2ADC2E2BD47A00EA2825 /* FirebaseAuth in Frameworks */ = {isa = PBXBuildFile; productRef = ADBB2ADB2E2BD47A00EA2825 /* FirebaseAuth */; };
		ADBB2ADE2E2BD47A00EA2825 /* FirebaseAuthCombine-Community in Frameworks */ = {isa = PBXBuildFile; productRef = ADBB2ADD2E2BD47A00EA2825 /* FirebaseAuthCombine-Community */; };
		ADBB2AE02E2BD47A00EA2825 /* FirebaseCore in Frameworks */ = {isa = PBXBuildFile; productRef = ADBB2ADF2E2BD47A00EA2825 /* FirebaseCore */; };
		ADBB2AE22E2BD47A00EA2825 /* FirebaseCrashlytics in Frameworks */ = {isa = PBXBuildFile; productRef = ADBB2AE12E2BD47A00EA2825 /* FirebaseCrashlytics */; };
		ADBB2AE42E2BD47A00EA2825 /* FirebaseDatabase in Frameworks */ = {isa = PBXBuildFile; productRef = ADBB2AE32E2BD47A00EA2825 /* FirebaseDatabase */; };
		ADBB2AE62E2BD47A00EA2825 /* FirebaseFirestore in Frameworks */ = {isa = PBXBuildFile; productRef = ADBB2AE52E2BD47A00EA2825 /* FirebaseFirestore */; };
		ADBB2AE82E2BD47A00EA2825 /* FirebaseFirestoreCombine-Community in Frameworks */ = {isa = PBXBuildFile; productRef = ADBB2AE72E2BD47A00EA2825 /* FirebaseFirestoreCombine-Community */; };
		ADBB2AEA2E2BD47A00EA2825 /* FirebaseFunctions in Frameworks */ = {isa = PBXBuildFile; productRef = ADBB2AE92E2BD47A00EA2825 /* FirebaseFunctions */; };
		ADBB2AEC2E2BD47A00EA2825 /* FirebaseFunctionsCombine-Community in Frameworks */ = {isa = PBXBuildFile; productRef = ADBB2AEB2E2BD47A00EA2825 /* FirebaseFunctionsCombine-Community */; };
		ADBB2AEE2E2BD47A00EA2825 /* FirebaseInAppMessaging-Beta in Frameworks */ = {isa = PBXBuildFile; productRef = ADBB2AED2E2BD47A00EA2825 /* FirebaseInAppMessaging-Beta */; };
		ADBB2AF02E2BD47A00EA2825 /* FirebaseInstallations in Frameworks */ = {isa = PBXBuildFile; productRef = ADBB2AEF2E2BD47A00EA2825 /* FirebaseInstallations */; };
		ADBB2AF22E2BD47A00EA2825 /* FirebaseMLModelDownloader in Frameworks */ = {isa = PBXBuildFile; productRef = ADBB2AF12E2BD47A00EA2825 /* FirebaseMLModelDownloader */; };
		ADBB2AF42E2BD47A00EA2825 /* FirebaseMessaging in Frameworks */ = {isa = PBXBuildFile; productRef = ADBB2AF32E2BD47A00EA2825 /* FirebaseMessaging */; };
		ADBB2AF62E2BD47A00EA2825 /* FirebasePerformance in Frameworks */ = {isa = PBXBuildFile; productRef = ADBB2AF52E2BD47A00EA2825 /* FirebasePerformance */; };
		ADBB2AF82E2BD47A00EA2825 /* FirebaseRemoteConfig in Frameworks */ = {isa = PBXBuildFile; productRef = ADBB2AF72E2BD47A00EA2825 /* FirebaseRemoteConfig */; };
		ADBB2AFA2E2BD47A00EA2825 /* FirebaseStorage in Frameworks */ = {isa = PBXBuildFile; productRef = ADBB2AF92E2BD47A00EA2825 /* FirebaseStorage */; };
		ADBB2AFC2E2BD47A00EA2825 /* FirebaseStorageCombine-Community in Frameworks */ = {isa = PBXBuildFile; productRef = ADBB2AFB2E2BD47A00EA2825 /* FirebaseStorageCombine-Community */; };
/* End PBXBuildFile section */

/* Begin PBXFileReference section */
		ADBB29EB2E2B9CC700EA2825 /* E‑Learning App.app */ = {isa = PBXFileReference; explicitFileType = wrapper.application; includeInIndex = 0; path = "E‑Learning App.app"; sourceTree = BUILT_PRODUCTS_DIR; };
/* End PBXFileReference section */

/* Begin PBXFileSystemSynchronizedBuildFileExceptionSet section */
		ADBB29FD2E2B9CC800EA2825 /* Exceptions for "E‑Learning App" folder in "E‑Learning App" target */ = {
			isa = PBXFileSystemSynchronizedBuildFileExceptionSet;
			membershipExceptions = (
				Info.plist,
			);
			target = ADBB29EA2E2B9CC700EA2825 /* E‑Learning App */;
		};
/* End PBXFileSystemSynchronizedBuildFileExceptionSet section */

/* Begin PBXFileSystemSynchronizedRootGroup section */
		ADBB29ED2E2B9CC700EA2825 /* E‑Learning App */ = {
			isa = PBXFileSystemSynchronizedRootGroup;
			exceptions = (
				ADBB29FD2E2B9CC800EA2825 /* Exceptions for "E‑Learning App" folder in "E‑Learning App" target */,
			);
			path = "E‑Learning App";
			sourceTree = "<group>";
		};
/* End PBXFileSystemSynchronizedRootGroup section */

/* Begin PBXFrameworksBuildPhase section */
		ADBB29E82E2B9CC700EA2825 /* Frameworks */ = {
			isa = PBXFrameworksBuildPhase;
			buildActionMask = 2147483647;
			files = (
				ADBB2AE82E2BD47A00EA2825 /* FirebaseFirestoreCombine-Community in Frameworks */,
				ADBB2AEA2E2BD47A00EA2825 /* FirebaseFunctions in Frameworks */,
				ADBB2AF62E2BD47A00EA2825 /* FirebasePerformance in Frameworks */,
				ADBB2AFC2E2BD47A00EA2825 /* FirebaseStorageCombine-Community in Frameworks */,
				ADBB2AF82E2BD47A00EA2825 /* FirebaseRemoteConfig in Frameworks */,
				ADBB2AD62E2BD47A00EA2825 /* FirebaseAnalyticsIdentitySupport in Frameworks */,
				ADBB2AD22E2BD47A00EA2825 /* FirebaseAnalytics in Frameworks */,
				ADBB2AD42E2BD47A00EA2825 /* FirebaseAnalyticsCore in Frameworks */,
				ADBB2AD82E2BD47A00EA2825 /* FirebaseAppCheck in Frameworks */,
				ADBB2AD02E2BD47A00EA2825 /* FirebaseAI in Frameworks */,
				ADBB2AE62E2BD47A00EA2825 /* FirebaseFirestore in Frameworks */,
				ADBB2AF42E2BD47A00EA2825 /* FirebaseMessaging in Frameworks */,
				ADBB2AF02E2BD47A00EA2825 /* FirebaseInstallations in Frameworks */,
				ADBB2AEC2E2BD47A00EA2825 /* FirebaseFunctionsCombine-Community in Frameworks */,
				ADBB2ADC2E2BD47A00EA2825 /* FirebaseAuth in Frameworks */,
				ADBB2ADA2E2BD47A00EA2825 /* FirebaseAppDistribution-Beta in Frameworks */,
				ADBB2AEE2E2BD47A00EA2825 /* FirebaseInAppMessaging-Beta in Frameworks */,
				ADBB2AE22E2BD47A00EA2825 /* FirebaseCrashlytics in Frameworks */,
				ADBB2AE42E2BD47A00EA2825 /* FirebaseDatabase in Frameworks */,
				ADBB2AF22E2BD47A00EA2825 /* FirebaseMLModelDownloader in Frameworks */,
				ADBB2AFA2E2BD47A00EA2825 /* FirebaseStorage in Frameworks */,
				ADBB2AE02E2BD47A00EA2825 /* FirebaseCore in Frameworks */,
				ADBB2ADE2E2BD47A00EA2825 /* FirebaseAuthCombine-Community in Frameworks */,
			);
			runOnlyForDeploymentPostprocessing = 0;
		};
/* End PBXFrameworksBuildPhase section */

/* Begin PBXGroup section */
		ADBB29E22E2B9CC700EA2825 = {
			isa = PBXGroup;
			children = (
				ADBB29ED2E2B9CC700EA2825 /* E‑Learning App */,
				ADBB29EC2E2B9CC700EA2825 /* Products */,
			);
			sourceTree = "<group>";
		};
		ADBB29EC2E2B9CC700EA2825 /* Products */ = {
			isa = PBXGroup;
			children = (
				ADBB29EB2E2B9CC700EA2825 /* E‑Learning App.app */,
			);
			name = Products;
			sourceTree = "<group>";
		};
/* End PBXGroup section */

/* Begin PBXNativeTarget section */
		ADBB29EA2E2B9CC700EA2825 /* E‑Learning App */ = {
			isa = PBXNativeTarget;
			buildConfigurationList = ADBB29FE2E2B9CC800EA2825 /* Build configuration list for PBXNativeTarget "E‑Learning App" */;
			buildPhases = (
				ADBB29E72E2B9CC700EA2825 /* Sources */,
				ADBB29E82E2B9CC700EA2825 /* Frameworks */,
				ADBB29E92E2B9CC700EA2825 /* Resources */,
			);
			buildRules = (
			);
			dependencies = (
			);
			fileSystemSynchronizedGroups = (
				ADBB29ED2E2B9CC700EA2825 /* E‑Learning App */,
			);
			name = "E‑Learning App";
			packageProductDependencies = (
				ADBB2ACF2E2BD47A00EA2825 /* FirebaseAI */,
				ADBB2AD12E2BD47A00EA2825 /* FirebaseAnalytics */,
				ADBB2AD32E2BD47A00EA2825 /* FirebaseAnalyticsCore */,
				ADBB2AD52E2BD47A00EA2825 /* FirebaseAnalyticsIdentitySupport */,
				ADBB2AD72E2BD47A00EA2825 /* FirebaseAppCheck */,
				ADBB2AD92E2BD47A00EA2825 /* FirebaseAppDistribution-Beta */,
				ADBB2ADB2E2BD47A00EA2825 /* FirebaseAuth */,
				ADBB2ADD2E2BD47A00EA2825 /* FirebaseAuthCombine-Community */,
				ADBB2ADF2E2BD47A00EA2825 /* FirebaseCore */,
				ADBB2AE12E2BD47A00EA2825 /* FirebaseCrashlytics */,
				ADBB2AE32E2BD47A00EA2825 /* FirebaseDatabase */,
				ADBB2AE52E2BD47A00EA2825 /* FirebaseFirestore */,
				ADBB2AE72E2BD47A00EA2825 /* FirebaseFirestoreCombine-Community */,
				ADBB2AE92E2BD47A00EA2825 /* FirebaseFunctions */,
				ADBB2AEB2E2BD47A00EA2825 /* FirebaseFunctionsCombine-Community */,
				ADBB2AED2E2BD47A00EA2825 /* FirebaseInAppMessaging-Beta */,
				ADBB2AEF2E2BD47A00EA2825 /* FirebaseInstallations */,
				ADBB2AF12E2BD47A00EA2825 /* FirebaseMLModelDownloader */,
				ADBB2AF32E2BD47A00EA2825 /* FirebaseMessaging */,
				ADBB2AF52E2BD47A00EA2825 /* FirebasePerformance */,
				ADBB2AF72E2BD47A00EA2825 /* FirebaseRemoteConfig */,
				ADBB2AF92E2BD47A00EA2825 /* FirebaseStorage */,
				ADBB2AFB2E2BD47A00EA2825 /* FirebaseStorageCombine-Community */,
			);
			productName = "E‑Learning App";
			productReference = ADBB29EB2E2B9CC700EA2825 /* E‑Learning App.app */;
			productType = "com.apple.product-type.application";
		};
/* End PBXNativeTarget section */

/* Begin PBXProject section */
		ADBB29E32E2B9CC700EA2825 /* Project object */ = {
			isa = PBXProject;
			attributes = {
				BuildIndependentTargetsInParallel = 1;
				LastSwiftUpdateCheck = 1640;
				LastUpgradeCheck = 1640;
				TargetAttributes = {
					ADBB29EA2E2B9CC700EA2825 = {
						CreatedOnToolsVersion = 16.4;
					};
				};
			};
			buildConfigurationList = ADBB29E62E2B9CC700EA2825 /* Build configuration list for PBXProject "E‑Learning App" */;
			developmentRegion = en;
			hasScannedForEncodings = 0;
			knownRegions = (
				en,
				Base,
			);
			mainGroup = ADBB29E22E2B9CC700EA2825;
			minimizedProjectReferenceProxies = 1;
			packageReferences = (
				ADBB2ACE2E2BD47A00EA2825 /* XCRemoteSwiftPackageReference "firebase-ios-sdk" */,
			);
			preferredProjectObjectVersion = 77;
			productRefGroup = ADBB29EC2E2B9CC700EA2825 /* Products */;
			projectDirPath = "";
			projectRoot = "";
			targets = (
				ADBB29EA2E2B9CC700EA2825 /* E‑Learning App */,
			);
		};
/* End PBXProject section */

/* Begin PBXResourcesBuildPhase section */
		ADBB29E92E2B9CC700EA2825 /* Resources */ = {
			isa = PBXResourcesBuildPhase;
			buildActionMask = 2147483647;
			files = (
			);
			runOnlyForDeploymentPostprocessing = 0;
		};
/* End PBXResourcesBuildPhase section */

/* Begin PBXSourcesBuildPhase section */
		ADBB29E72E2B9CC700EA2825 /* Sources */ = {
			isa = PBXSourcesBuildPhase;
			buildActionMask = 2147483647;
			files = (
			);
			runOnlyForDeploymentPostprocessing = 0;
		};
/* End PBXSourcesBuildPhase section */

/* Begin XCBuildConfiguration section */
		ADBB29FF2E2B9CC800EA2825 /* Debug */ = {
			isa = XCBuildConfiguration;
			buildSettings = {
				ASSETCATALOG_COMPILER_APPICON_NAME = AppIcon;
				ASSETCATALOG_COMPILER_GLOBAL_ACCENT_COLOR_NAME = AccentColor;
				CODE_SIGN_STYLE = Automatic;
				CURRENT_PROJECT_VERSION = 1;
				DEVELOPMENT_TEAM = MKBH45469V;
				GENERATE_INFOPLIST_FILE = YES;
				INFOPLIST_FILE = "E‑Learning App/Info.plist";
				INFOPLIST_KEY_UIApplicationSupportsIndirectInputEvents = YES;
				INFOPLIST_KEY_UILaunchStoryboardName = LaunchScreen;
				INFOPLIST_KEY_UIMainStoryboardFile = Main;
				INFOPLIST_KEY_UISupportedInterfaceOrientations_iPad = "UIInterfaceOrientationPortrait UIInterfaceOrientationPortraitUpsideDown UIInterfaceOrientationLandscapeLeft UIInterfaceOrientationLandscapeRight";
				INFOPLIST_KEY_UISupportedInterfaceOrientations_iPhone = "UIInterfaceOrientationPortrait UIInterfaceOrientationLandscapeLeft UIInterfaceOrientationLandscapeRight";
				LD_RUNPATH_SEARCH_PATHS = (
					"$(inherited)",
					"@executable_path/Frameworks",
				);
				MARKETING_VERSION = 1.0;
				PRODUCT_BUNDLE_IDENTIFIER = "Shyam.E-Learning-App";
				PRODUCT_NAME = "$(TARGET_NAME)";
				SWIFT_EMIT_LOC_STRINGS = YES;
				SWIFT_VERSION = 5.0;
				TARGETED_DEVICE_FAMILY = "1,2";
			};
			name = Debug;
		};
		ADBB2A002E2B9CC800EA2825 /* Release */ = {
			isa = XCBuildConfiguration;
			buildSettings = {
				ASSETCATALOG_COMPILER_APPICON_NAME = AppIcon;
				ASSETCATALOG_COMPILER_GLOBAL_ACCENT_COLOR_NAME = AccentColor;
				CODE_SIGN_STYLE = Automatic;
				CURRENT_PROJECT_VERSION = 1;
				DEVELOPMENT_TEAM = MKBH45469V;
				GENERATE_INFOPLIST_FILE = YES;
				INFOPLIST_FILE = "E‑Learning App/Info.plist";
				INFOPLIST_KEY_UIApplicationSupportsIndirectInputEvents = YES;
				INFOPLIST_KEY_UILaunchStoryboardName = LaunchScreen;
				INFOPLIST_KEY_UIMainStoryboardFile = Main;
				INFOPLIST_KEY_UISupportedInterfaceOrientations_iPad = "UIInterfaceOrientationPortrait UIInterfaceOrientationPortraitUpsideDown UIInterfaceOrientationLandscapeLeft UIInterfaceOrientationLandscapeRight";
				INFOPLIST_KEY_UISupportedInterfaceOrientations_iPhone = "UIInterfaceOrientationPortrait UIInterfaceOrientationLandscapeLeft UIInterfaceOrientationLandscapeRight";
				LD_RUNPATH_SEARCH_PATHS = (
					"$(inherited)",
					"@executable_path/Frameworks",
				);
				MARKETING_VERSION = 1.0;
				PRODUCT_BUNDLE_IDENTIFIER = "Shyam.E-Learning-App";
				PRODUCT_NAME = "$(TARGET_NAME)";
				SWIFT_EMIT_LOC_STRINGS = YES;
				SWIFT_VERSION = 5.0;
				TARGETED_DEVICE_FAMILY = "1,2";
			};
			name = Release;
		};
		ADBB2A012E2B9CC800EA2825 /* Debug */ = {
			isa = XCBuildConfiguration;
			buildSettings = {
				ALWAYS_SEARCH_USER_PATHS = NO;
				ASSETCATALOG_COMPILER_GENERATE_SWIFT_ASSET_SYMBOL_EXTENSIONS = YES;
				CLANG_ANALYZER_NONNULL = YES;
				CLANG_ANALYZER_NUMBER_OBJECT_CONVERSION = YES_AGGRESSIVE;
				CLANG_CXX_LANGUAGE_STANDARD = "gnu++20";
				CLANG_ENABLE_MODULES = YES;
				CLANG_ENABLE_OBJC_ARC = YES;
				CLANG_ENABLE_OBJC_WEAK = YES;
				CLANG_WARN_BLOCK_CAPTURE_AUTORELEASING = YES;
				CLANG_WARN_BOOL_CONVERSION = YES;
				CLANG_WARN_COMMA = YES;
				CLANG_WARN_CONSTANT_CONVERSION = YES;
				CLANG_WARN_DEPRECATED_OBJC_IMPLEMENTATIONS = YES;
				CLANG_WARN_DIRECT_OBJC_ISA_USAGE = YES_ERROR;
				CLANG_WARN_DOCUMENTATION_COMMENTS = YES;
				CLANG_WARN_EMPTY_BODY = YES;
				CLANG_WARN_ENUM_CONVERSION = YES;
				CLANG_WARN_INFINITE_RECURSION = YES;
				CLANG_WARN_INT_CONVERSION = YES;
				CLANG_WARN_NON_LITERAL_NULL_CONVERSION = YES;
				CLANG_WARN_OBJC_IMPLICIT_RETAIN_SELF = YES;
				CLANG_WARN_OBJC_LITERAL_CONVERSION = YES;
				CLANG_WARN_OBJC_ROOT_CLASS = YES_ERROR;
				CLANG_WARN_QUOTED_INCLUDE_IN_FRAMEWORK_HEADER = YES;
				CLANG_WARN_RANGE_LOOP_ANALYSIS = YES;
				CLANG_WARN_STRICT_PROTOTYPES = YES;
				CLANG_WARN_SUSPICIOUS_MOVE = YES;
				CLANG_WARN_UNGUARDED_AVAILABILITY = YES_AGGRESSIVE;
				CLANG_WARN_UNREACHABLE_CODE = YES;
				CLANG_WARN__DUPLICATE_METHOD_MATCH = YES;
				COPY_PHASE_STRIP = NO;
				DEBUG_INFORMATION_FORMAT = dwarf;
				DEVELOPMENT_TEAM = MKBH45469V;
				ENABLE_STRICT_OBJC_MSGSEND = YES;
				ENABLE_TESTABILITY = YES;
				ENABLE_USER_SCRIPT_SANDBOXING = YES;
				GCC_C_LANGUAGE_STANDARD = gnu17;
				GCC_DYNAMIC_NO_PIC = NO;
				GCC_NO_COMMON_BLOCKS = YES;
				GCC_OPTIMIZATION_LEVEL = 0;
				GCC_PREPROCESSOR_DEFINITIONS = (
					"DEBUG=1",
					"$(inherited)",
				);
				GCC_WARN_64_TO_32_BIT_CONVERSION = YES;
				GCC_WARN_ABOUT_RETURN_TYPE = YES_ERROR;
				GCC_WARN_UNDECLARED_SELECTOR = YES;
				GCC_WARN_UNINITIALIZED_AUTOS = YES_AGGRESSIVE;
				GCC_WARN_UNUSED_FUNCTION = YES;
				GCC_WARN_UNUSED_VARIABLE = YES;
				IPHONEOS_DEPLOYMENT_TARGET = 18.5;
				LOCALIZATION_PREFERS_STRING_CATALOGS = YES;
				MTL_ENABLE_DEBUG_INFO = INCLUDE_SOURCE;
				MTL_FAST_MATH = YES;
				ONLY_ACTIVE_ARCH = YES;
				SDKROOT = iphoneos;
				SWIFT_ACTIVE_COMPILATION_CONDITIONS = "DEBUG $(inherited)";
				SWIFT_OPTIMIZATION_LEVEL = "-Onone";
			};
			name = Debug;
		};
		ADBB2A022E2B9CC800EA2825 /* Release */ = {
			isa = XCBuildConfiguration;
			buildSettings = {
				ALWAYS_SEARCH_USER_PATHS = NO;
				ASSETCATALOG_COMPILER_GENERATE_SWIFT_ASSET_SYMBOL_EXTENSIONS = YES;
				CLANG_ANALYZER_NONNULL = YES;
				CLANG_ANALYZER_NUMBER_OBJECT_CONVERSION = YES_AGGRESSIVE;
				CLANG_CXX_LANGUAGE_STANDARD = "gnu++20";
				CLANG_ENABLE_MODULES = YES;
				CLANG_ENABLE_OBJC_ARC = YES;
				CLANG_ENABLE_OBJC_WEAK = YES;
				CLANG_WARN_BLOCK_CAPTURE_AUTORELEASING = YES;
				CLANG_WARN_BOOL_CONVERSION = YES;
				CLANG_WARN_COMMA = YES;
				CLANG_WARN_CONSTANT_CONVERSION = YES;
				CLANG_WARN_DEPRECATED_OBJC_IMPLEMENTATIONS = YES;
				CLANG_WARN_DIRECT_OBJC_ISA_USAGE = YES_ERROR;
				CLANG_WARN_DOCUMENTATION_COMMENTS = YES;
				CLANG_WARN_EMPTY_BODY = YES;
				CLANG_WARN_ENUM_CONVERSION = YES;
				CLANG_WARN_INFINITE_RECURSION = YES;
				CLANG_WARN_INT_CONVERSION = YES;
				CLANG_WARN_NON_LITERAL_NULL_CONVERSION = YES;
				CLANG_WARN_OBJC_IMPLICIT_RETAIN_SELF = YES;
				CLANG_WARN_OBJC_LITERAL_CONVERSION = YES;
				CLANG_WARN_OBJC_ROOT_CLASS = YES_ERROR;
				CLANG_WARN_QUOTED_INCLUDE_IN_FRAMEWORK_HEADER = YES;
				CLANG_WARN_RANGE_LOOP_ANALYSIS = YES;
				CLANG_WARN_STRICT_PROTOTYPES = YES;
				CLANG_WARN_SUSPICIOUS_MOVE = YES;
				CLANG_WARN_UNGUARDED_AVAILABILITY = YES_AGGRESSIVE;
				CLANG_WARN_UNREACHABLE_CODE = YES;
				CLANG_WARN__DUPLICATE_METHOD_MATCH = YES;
				COPY_PHASE_STRIP = NO;
				DEBUG_INFORMATION_FORMAT = "dwarf-with-dsym";
				DEVELOPMENT_TEAM = MKBH45469V;
				ENABLE_NS_ASSERTIONS = NO;
				ENABLE_STRICT_OBJC_MSGSEND = YES;
				ENABLE_USER_SCRIPT_SANDBOXING = YES;
				GCC_C_LANGUAGE_STANDARD = gnu17;
				GCC_NO_COMMON_BLOCKS = YES;
				GCC_WARN_64_TO_32_BIT_CONVERSION = YES;
				GCC_WARN_ABOUT_RETURN_TYPE = YES_ERROR;
				GCC_WARN_UNDECLARED_SELECTOR = YES;
				GCC_WARN_UNINITIALIZED_AUTOS = YES_AGGRESSIVE;
				GCC_WARN_UNUSED_FUNCTION = YES;
				GCC_WARN_UNUSED_VARIABLE = YES;
				IPHONEOS_DEPLOYMENT_TARGET = 18.5;
				LOCALIZATION_PREFERS_STRING_CATALOGS = YES;
				MTL_ENABLE_DEBUG_INFO = NO;
				MTL_FAST_MATH = YES;
				SDKROOT = iphoneos;
				SWIFT_COMPILATION_MODE = wholemodule;
				VALIDATE_PRODUCT = YES;
			};
			name = Release;
		};
/* End XCBuildConfiguration section */

/* Begin XCConfigurationList section */
		ADBB29E62E2B9CC700EA2825 /* Build configuration list for PBXProject "E‑Learning App" */ = {
			isa = XCConfigurationList;
			buildConfigurations = (
				ADBB2A012E2B9CC800EA2825 /* Debug */,
				ADBB2A022E2B9CC800EA2825 /* Release */,
			);
			defaultConfigurationIsVisible = 0;
			defaultConfigurationName = Release;
		};
		ADBB29FE2E2B9CC800EA2825 /* Build configuration list for PBXNativeTarget "E‑Learning App" */ = {
			isa = XCConfigurationList;
			buildConfigurations = (
				ADBB29FF2E2B9CC800EA2825 /* Debug */,
				ADBB2A002E2B9CC800EA2825 /* Release */,
			);
			defaultConfigurationIsVisible = 0;
			defaultConfigurationName = Release;
		};
/* End XCConfigurationList section */

/* Begin XCRemoteSwiftPackageReference section */
		ADBB2ACE2E2BD47A00EA2825 /* XCRemoteSwiftPackageReference "firebase-ios-sdk" */ = {
			isa = XCRemoteSwiftPackageReference;
			repositoryURL = "https://github.com/firebase/firebase-ios-sdk";
			requirement = {
				kind = upToNextMajorVersion;
				minimumVersion = 12.0.0;
			};
		};
/* End XCRemoteSwiftPackageReference section */

/* Begin XCSwiftPackageProductDependency section */
		ADBB2ACF2E2BD47A00EA2825 /* FirebaseAI */ = {
			isa = XCSwiftPackageProductDependency;
			package = ADBB2ACE2E2BD47A00EA2825 /* XCRemoteSwiftPackageReference "firebase-ios-sdk" */;
			productName = FirebaseAI;
		};
		ADBB2AD12E2BD47A00EA2825 /* FirebaseAnalytics */ = {
			isa = XCSwiftPackageProductDependency;
			package = ADBB2ACE2E2BD47A00EA2825 /* XCRemoteSwiftPackageReference "firebase-ios-sdk" */;
			productName = FirebaseAnalytics;
		};
		ADBB2AD32E2BD47A00EA2825 /* FirebaseAnalyticsCore */ = {
			isa = XCSwiftPackageProductDependency;
			package = ADBB2ACE2E2BD47A00EA2825 /* XCRemoteSwiftPackageReference "firebase-ios-sdk" */;
			productName = FirebaseAnalyticsCore;
		};
		ADBB2AD52E2BD47A00EA2825 /* FirebaseAnalyticsIdentitySupport */ = {
			isa = XCSwiftPackageProductDependency;
			package = ADBB2ACE2E2BD47A00EA2825 /* XCRemoteSwiftPackageReference "firebase-ios-sdk" */;
			productName = FirebaseAnalyticsIdentitySupport;
		};
		ADBB2AD72E2BD47A00EA2825 /* FirebaseAppCheck */ = {
			isa = XCSwiftPackageProductDependency;
			package = ADBB2ACE2E2BD47A00EA2825 /* XCRemoteSwiftPackageReference "firebase-ios-sdk" */;
			productName = FirebaseAppCheck;
		};
		ADBB2AD92E2BD47A00EA2825 /* FirebaseAppDistribution-Beta */ = {
			isa = XCSwiftPackageProductDependency;
			package = ADBB2ACE2E2BD47A00EA2825 /* XCRemoteSwiftPackageReference "firebase-ios-sdk" */;
			productName = "FirebaseAppDistribution-Beta";
		};
		ADBB2ADB2E2BD47A00EA2825 /* FirebaseAuth */ = {
			isa = XCSwiftPackageProductDependency;
			package = ADBB2ACE2E2BD47A00EA2825 /* XCRemoteSwiftPackageReference "firebase-ios-sdk" */;
			productName = FirebaseAuth;
		};
		ADBB2ADD2E2BD47A00EA2825 /* FirebaseAuthCombine-Community */ = {
			isa = XCSwiftPackageProductDependency;
			package = ADBB2ACE2E2BD47A00EA2825 /* XCRemoteSwiftPackageReference "firebase-ios-sdk" */;
			productName = "FirebaseAuthCombine-Community";
		};
		ADBB2ADF2E2BD47A00EA2825 /* FirebaseCore */ = {
			isa = XCSwiftPackageProductDependency;
			package = ADBB2ACE2E2BD47A00EA2825 /* XCRemoteSwiftPackageReference "firebase-ios-sdk" */;
			productName = FirebaseCore;
		};
		ADBB2AE12E2BD47A00EA2825 /* FirebaseCrashlytics */ = {
			isa = XCSwiftPackageProductDependency;
			package = ADBB2ACE2E2BD47A00EA2825 /* XCRemoteSwiftPackageReference "firebase-ios-sdk" */;
			productName = FirebaseCrashlytics;
		};
		ADBB2AE32E2BD47A00EA2825 /* FirebaseDatabase */ = {
			isa = XCSwiftPackageProductDependency;
			package = ADBB2ACE2E2BD47A00EA2825 /* XCRemoteSwiftPackageReference "firebase-ios-sdk" */;
			productName = FirebaseDatabase;
		};
		ADBB2AE52E2BD47A00EA2825 /* FirebaseFirestore */ = {
			isa = XCSwiftPackageProductDependency;
			package = ADBB2ACE2E2BD47A00EA2825 /* XCRemoteSwiftPackageReference "firebase-ios-sdk" */;
			productName = FirebaseFirestore;
		};
		ADBB2AE72E2BD47A00EA2825 /* FirebaseFirestoreCombine-Community */ = {
			isa = XCSwiftPackageProductDependency;
			package = ADBB2ACE2E2BD47A00EA2825 /* XCRemoteSwiftPackageReference "firebase-ios-sdk" */;
			productName = "FirebaseFirestoreCombine-Community";
		};
		ADBB2AE92E2BD47A00EA2825 /* FirebaseFunctions */ = {
			isa = XCSwiftPackageProductDependency;
			package = ADBB2ACE2E2BD47A00EA2825 /* XCRemoteSwiftPackageReference "firebase-ios-sdk" */;
			productName = FirebaseFunctions;
		};
		ADBB2AEB2E2BD47A00EA2825 /* FirebaseFunctionsCombine-Community */ = {
			isa = XCSwiftPackageProductDependency;
			package = ADBB2ACE2E2BD47A00EA2825 /* XCRemoteSwiftPackageReference "firebase-ios-sdk" */;
			productName = "FirebaseFunctionsCombine-Community";
		};
		ADBB2AED2E2BD47A00EA2825 /* FirebaseInAppMessaging-Beta */ = {
			isa = XCSwiftPackageProductDependency;
			package = ADBB2ACE2E2BD47A00EA2825 /* XCRemoteSwiftPackageReference "firebase-ios-sdk" */;
			productName = "FirebaseInAppMessaging-Beta";
		};
		ADBB2AEF2E2BD47A00EA2825 /* FirebaseInstallations */ = {
			isa = XCSwiftPackageProductDependency;
			package = ADBB2ACE2E2BD47A00EA2825 /* XCRemoteSwiftPackageReference "firebase-ios-sdk" */;
			productName = FirebaseInstallations;
		};
		ADBB2AF12E2BD47A00EA2825 /* FirebaseMLModelDownloader */ = {
			isa = XCSwiftPackageProductDependency;
			package = ADBB2ACE2E2BD47A00EA2825 /* XCRemoteSwiftPackageReference "firebase-ios-sdk" */;
			productName = FirebaseMLModelDownloader;
		};
		ADBB2AF32E2BD47A00EA2825 /* FirebaseMessaging */ = {
			isa = XCSwiftPackageProductDependency;
			package = ADBB2ACE2E2BD47A00EA2825 /* XCRemoteSwiftPackageReference "firebase-ios-sdk" */;
			productName = FirebaseMessaging;
		};
		ADBB2AF52E2BD47A00EA2825 /* FirebasePerformance */ = {
			isa = XCSwiftPackageProductDependency;
			package = ADBB2ACE2E2BD47A00EA2825 /* XCRemoteSwiftPackageReference "firebase-ios-sdk" */;
			productName = FirebasePerformance;
		};
		ADBB2AF72E2BD47A00EA2825 /* FirebaseRemoteConfig */ = {
			isa = XCSwiftPackageProductDependency;
			package = ADBB2ACE2E2BD47A00EA2825 /* XCRemoteSwiftPackageReference "firebase-ios-sdk" */;
			productName = FirebaseRemoteConfig;
		};
		ADBB2AF92E2BD47A00EA2825 /* FirebaseStorage */ = {
			isa = XCSwiftPackageProductDependency;
			package = ADBB2ACE2E2BD47A00EA2825 /* XCRemoteSwiftPackageReference "firebase-ios-sdk" */;
			productName = FirebaseStorage;
		};
		ADBB2AFB2E2BD47A00EA2825 /* FirebaseStorageCombine-Community */ = {
			isa = XCSwiftPackageProductDependency;
			package = ADBB2ACE2E2BD47A00EA2825 /* XCRemoteSwiftPackageReference "firebase-ios-sdk" */;
			productName = "FirebaseStorageCombine-Community";
		};
/* End XCSwiftPackageProductDependency section */
	};
	rootObject = ADBB29E32E2B9CC700EA2825 /* Project object */;
}
